
Microsoft Visual Studio Solution File, Format Version 12.00
# Visual Studio Version 16
VisualStudioVersion = 16.0.34114.132
MinimumVisualStudioVersion = 10.0.40219.1
Project("{FAE04EC0-301F-11D3-BF4B-00C04F79EFBC}") = "Angular-CRUD", "Angular-CRUD\Angular-CRUD.csproj", "{5E1B2AA8-F21E-4633-A694-4329E8CDDBB8}"
EndProject
Global
	GlobalSection(SolutionConfigurationPlatforms) = preSolution
		Debug|Any CPU = Debug|Any CPU
		Release|Any CPU = Release|Any CPU
	EndGlobalSection
	GlobalSection(ProjectConfigurationPlatforms) = postSolution
		{5E1B2AA8-F21E-4633-A694-4329E8CDDBB8}.Debug|Any CPU.ActiveCfg = Debug|Any CPU
		{5E1B2AA8-F21E-4633-A694-4329E8CDDBB8}.Debug|Any CPU.Build.0 = Debug|Any CPU
		{5E1B2AA8-F21E-4633-A694-4329E8CDDBB8}.Release|Any CPU.ActiveCfg = Release|Any CPU
		{5E1B2AA8-F21E-4633-A694-4329E8CDDBB8}.Release|Any CPU.Build.0 = Release|Any CPU
	EndGlobalSection
	GlobalSection(SolutionProperties) = preSolution
		HideSolutionNode = FALSE
	EndGlobalSection
	GlobalSection(ExtensibilityGlobals) = postSolution
		SolutionGuid = {035D1AF0-68F4-4580-8B21-11628C712017}
	EndGlobalSection
EndGlobal
